<?xml version="1.0" encoding="utf-8"?>
<Project ToolsVersion="4.0" xmlns="http://schemas.microsoft.com/developer/msbuild/2003">
  <ItemGroup>
    <Filter Include="Source Files">
      <UniqueIdentifier>{4FC737F1-C7A5-4376-A066-2A32D752A2FF}</UniqueIdentifier>
      <Extensions>cpp;c;cc;cxx;def;odl;idl;hpj;bat;asm;asmx</Extensions>
    </Filter>
    <Filter Include="Header Files">
      <UniqueIdentifier>{93995380-89BD-4b04-88EB-625FBE52EBFB}</UniqueIdentifier>
      <Extensions>h;hh;hpp;hxx;hm;inl;inc;ipp;xsd</Extensions>
    </Filter>
    <Filter Include="Resource Files">
      <UniqueIdentifier>{67DA6AB6-F800-4c08-8B7A-83BB121AAD01}</UniqueIdentifier>
      <Extensions>rc;ico;cur;bmp;dlg;rc2;rct;bin;rgs;gif;jpg;jpeg;jpe;resx;tiff;tif;png;wav;mfcribbon-ms</Extensions>
    </Filter>
  </ItemGroup>
  <ItemGroup>
    <ClCompile Include="..\src\intwars\Spell.cpp">
      <Filter>Source Files</Filter>
    </ClCompile>
    <ClCompile Include="..\src\intwars\Stats.cpp">
      <Filter>Source Files</Filter>
    </ClCompile>
    <ClCompile Include="..\src\intwars\SummonersRift.cpp">
      <Filter>Source Files</Filter>
    </ClCompile>
    <ClCompile Include="..\src\intwars\Target.cpp">
      <Filter>Source Files</Filter>
    </ClCompile>
    <ClCompile Include="..\src\intwars\Turret.cpp">
      <Filter>Source Files</Filter>
    </ClCompile>
    <ClCompile Include="..\src\intwars\Unit.cpp">
      <Filter>Source Files</Filter>
    </ClCompile>
    <ClCompile Include="..\src\intwars\Vector2.cpp">
      <Filter>Source Files</Filter>
    </ClCompile>
    <ClCompile Include="..\src\intwars\AIMesh.cpp">
      <Filter>Source Files</Filter>
    </ClCompile>
    <ClCompile Include="..\src\intwars\Buff.cpp">
      <Filter>Source Files</Filter>
    </ClCompile>
    <ClCompile Include="..\src\intwars\Champion.cpp">
      <Filter>Source Files</Filter>
    </ClCompile>
    <ClCompile Include="..\src\intwars\CollisionHandler.cpp">
      <Filter>Source Files</Filter>
    </ClCompile>
    <ClCompile Include="..\src\intwars\Config.cpp">
      <Filter>Source Files</Filter>
    </ClCompile>
    <ClCompile Include="..\src\intwars\Fountain.cpp">
      <Filter>Source Files</Filter>
    </ClCompile>
    <ClCompile Include="..\src\intwars\Game.cpp">
      <Filter>Source Files</Filter>
    </ClCompile>
    <ClCompile Include="..\src\intwars\Handlers.cpp">
      <Filter>Source Files</Filter>
    </ClCompile>
    <ClCompile Include="..\src\intwars\Inventory.cpp">
      <Filter>Source Files</Filter>
    </ClCompile>
    <ClCompile Include="..\src\intwars\Item.cpp">
      <Filter>Source Files</Filter>
    </ClCompile>
    <ClCompile Include="..\src\intwars\ItemManager.cpp">
      <Filter>Source Files</Filter>
    </ClCompile>
    <ClCompile Include="..\src\intwars\Logger.cpp">
      <Filter>Source Files</Filter>
    </ClCompile>
    <ClCompile Include="..\src\intwars\LuaChampion.cpp">
      <Filter>Source Files</Filter>
    </ClCompile>
    <ClCompile Include="..\src\intwars\LuaGame.cpp">
      <Filter>Source Files</Filter>
    </ClCompile>
    <ClCompile Include="..\src\intwars\LuaItem.cpp">
      <Filter>Source Files</Filter>
    </ClCompile>
    <ClCompile Include="..\src\intwars\LuaScript.cpp">
      <Filter>Source Files</Filter>
    </ClCompile>
    <ClCompile Include="..\src\intwars\LuaUnit.cpp">
      <Filter>Source Files</Filter>
    </ClCompile>
    <ClCompile Include="..\src\intwars\main.cpp">
      <Filter>Source Files</Filter>
    </ClCompile>
    <ClCompile Include="..\src\intwars\Map.cpp">
      <Filter>Source Files</Filter>
    </ClCompile>
    <ClCompile Include="..\src\intwars\Minion.cpp">
      <Filter>Source Files</Filter>
    </ClCompile>
    <ClCompile Include="..\src\intwars\Notifiers.cpp">
      <Filter>Source Files</Filter>
    </ClCompile>
    <ClCompile Include="..\src\intwars\Object.cpp">
      <Filter>Source Files</Filter>
    </ClCompile>
    <ClCompile Include="..\src\intwars\PacketHandler.cpp">
      <Filter>Source Files</Filter>
    </ClCompile>
    <ClCompile Include="..\src\intwars\Packets.cpp">
      <Filter>Source Files</Filter>
    </ClCompile>
    <ClCompile Include="..\src\intwars\Pathfinder.cpp">
      <Filter>Source Files</Filter>
    </ClCompile>
    <ClCompile Include="..\src\intwars\Projectile.cpp">
      <Filter>Source Files</Filter>
    </ClCompile>
  </ItemGroup>
  <ItemGroup>
    <ClInclude Include="..\include\intwars\ChatBox.h">
      <Filter>Header Files</Filter>
    </ClInclude>
    <ClInclude Include="..\include\intwars\Client.h">
      <Filter>Header Files</Filter>
    </ClInclude>
    <ClInclude Include="..\include\intwars\CollisionHandler.h">
      <Filter>Header Files</Filter>
    </ClInclude>
    <ClInclude Include="..\include\intwars\common.h">
      <Filter>Header Files</Filter>
    </ClInclude>
    <ClInclude Include="..\include\intwars\Config.h">
      <Filter>Header Files</Filter>
    </ClInclude>
    <ClInclude Include="..\include\intwars\Fountain.h">
      <Filter>Header Files</Filter>
    </ClInclude>
    <ClInclude Include="..\include\intwars\Game.h">
      <Filter>Header Files</Filter>
    </ClInclude>
    <ClInclude Include="..\include\intwars\Inventory.h">
      <Filter>Header Files</Filter>
    </ClInclude>
    <ClInclude Include="..\include\intwars\Item.h">
      <Filter>Header Files</Filter>
    </ClInclude>
    <ClInclude Include="..\include\intwars\ItemManager.h">
      <Filter>Header Files</Filter>
    </ClInclude>
    <ClInclude Include="..\include\intwars\LevelProp.h">
      <Filter>Header Files</Filter>
    </ClInclude>
    <ClInclude Include="..\include\intwars\Logger.h">
      <Filter>Header Files</Filter>
    </ClInclude>
    <ClInclude Include="..\include\intwars\LuaScript.h">
      <Filter>Header Files</Filter>
    </ClInclude>
    <ClInclude Include="..\include\intwars\Map.h">
      <Filter>Header Files</Filter>
    </ClInclude>
    <ClInclude Include="..\include\intwars\Minion.h">
      <Filter>Header Files</Filter>
    </ClInclude>
    <ClInclude Include="..\include\intwars\MinionStats.h">
      <Filter>Header Files</Filter>
    </ClInclude>
    <ClInclude Include="..\include\intwars\Object.h">
      <Filter>Header Files</Filter>
    </ClInclude>
    <ClInclude Include="..\include\intwars\Packets.h">
      <Filter>Header Files</Filter>
    </ClInclude>
    <ClInclude Include="..\include\intwars\Pathfinder.h">
      <Filter>Header Files</Filter>
    </ClInclude>
    <ClInclude Include="..\include\intwars\Projectile.h">
      <Filter>Header Files</Filter>
    </ClInclude>
    <ClInclude Include="..\include\intwars\Spell.h">
      <Filter>Header Files</Filter>
    </ClInclude>
    <ClInclude Include="..\include\intwars\Stats.h">
      <Filter>Header Files</Filter>
    </ClInclude>
    <ClInclude Include="..\include\intwars\stdafx.h">
      <Filter>Header Files</Filter>
    </ClInclude>
    <ClInclude Include="..\include\intwars\SummonersRift.h">
      <Filter>Header Files</Filter>
    </ClInclude>
    <ClInclude Include="..\include\intwars\Target.h">
      <Filter>Header Files</Filter>
    </ClInclude>
    <ClInclude Include="..\include\intwars\Turret.h">
      <Filter>Header Files</Filter>
    </ClInclude>
    <ClInclude Include="..\include\intwars\TurretStats.h">
      <Filter>Header Files</Filter>
    </ClInclude>
    <ClInclude Include="..\include\intwars\Unit.h">
      <Filter>Header Files</Filter>
    </ClInclude>
    <ClInclude Include="..\include\intwars\Vector2.h">
      <Filter>Header Files</Filter>
    </ClInclude>
    <ClInclude Include="..\include\intwars\win\platforms-time.h">
      <Filter>Header Files</Filter>
    </ClInclude>
    <ClInclude Include="..\include\intwars\AIMesh.h">
      <Filter>Header Files</Filter>
    </ClInclude>
    <ClInclude Include="..\include\intwars\Buff.h">
      <Filter>Header Files</Filter>
    </ClInclude>
    <ClInclude Include="..\include\intwars\Buffer.h">
      <Filter>Header Files</Filter>
    </ClInclude>
    <ClInclude Include="..\include\intwars\Champion.h">
      <Filter>Header Files</Filter>
    </ClInclude>
    <ClInclude Include="..\include\intwars\ChampionFactory.h">
      <Filter>Header Files</Filter>
    </ClInclude>
  </ItemGroup>
</Project>